
Microsoft Visual Studio Solution File, Format Version 12.00
# Visual Studio Version 17
VisualStudioVersion = 17.9.34728.123
MinimumVisualStudioVersion = 10.0.40219.1
Project("{9A19103F-16F7-4668-BE54-9A1E7A4F7556}") = "Lekce02BR1", "Lekce02BR1\Lekce02BR1.csproj", "{01AA53DE-4848-4FB6-AB08-60C39204FCA2}"
EndProject
Project("{FAE04EC0-301F-11D3-BF4B-00C04F79EFBC}") = "Lekce02BR2", "Lekce02BR2\Lekce02BR2.csproj", "{D9566E49-FA9E-43FD-8DD9-A27EEA2A24D6}"
EndProject
Global
	GlobalSection(SolutionConfigurationPlatforms) = preSolution
		Debug|Any CPU = Debug|Any CPU
		Release|Any CPU = Release|Any CPU
	EndGlobalSection
	GlobalSection(ProjectConfigurationPlatforms) = postSolution
		{01AA53DE-4848-4FB6-AB08-60C39204FCA2}.Debug|Any CPU.ActiveCfg = Debug|Any CPU
		{01AA53DE-4848-4FB6-AB08-60C39204FCA2}.Debug|Any CPU.Build.0 = Debug|Any CPU
		{01AA53DE-4848-4FB6-AB08-60C39204FCA2}.Release|Any CPU.ActiveCfg = Release|Any CPU
		{01AA53DE-4848-4FB6-AB08-60C39204FCA2}.Release|Any CPU.Build.0 = Release|Any CPU
		{D9566E49-FA9E-43FD-8DD9-A27EEA2A24D6}.Debug|Any CPU.ActiveCfg = Debug|Any CPU
		{D9566E49-FA9E-43FD-8DD9-A27EEA2A24D6}.Debug|Any CPU.Build.0 = Debug|Any CPU
		{D9566E49-FA9E-43FD-8DD9-A27EEA2A24D6}.Release|Any CPU.ActiveCfg = Release|Any CPU
		{D9566E49-FA9E-43FD-8DD9-A27EEA2A24D6}.Release|Any CPU.Build.0 = Release|Any CPU
	EndGlobalSection
	GlobalSection(SolutionProperties) = preSolution
		HideSolutionNode = FALSE
	EndGlobalSection
	GlobalSection(ExtensibilityGlobals) = postSolution
		SolutionGuid = {7413BADC-F017-41C7-AF72-5D9CDE68844A}
	EndGlobalSection
EndGlobal
